
Microsoft Visual Studio Solution File, Format Version 12.00
# Visual Studio Version 17
VisualStudioVersion = 17.4.33213.308
MinimumVisualStudioVersion = 10.0.40219.1
Project("{9A19103F-16F7-4668-BE54-9A1E7A4F7556}") = "HakatoApi", "HakatoApi\HakatoApi.csproj", "{E3A77305-36BF-4654-99E6-DE84CB42D961}"
EndProject
Project("{FAE04EC0-301F-11D3-BF4B-00C04F79EFBC}") = "Data", "Data\Data.csproj", "{C430CF6B-70A2-4B33-AA57-82C2401C48C3}"
EndProject
Project("{FAE04EC0-301F-11D3-BF4B-00C04F79EFBC}") = "Domain", "Domain\Domain.csproj", "{B9ECDBFA-C6DA-4D4C-A85F-385F9B6B436A}"
EndProject
Project("{FAE04EC0-301F-11D3-BF4B-00C04F79EFBC}") = "servise", "servise\servise.csproj", "{D280203E-8670-496D-B1EF-A026588AEF47}"
EndProject
Global
	GlobalSection(SolutionConfigurationPlatforms) = preSolution
		Debug|Any CPU = Debug|Any CPU
		Release|Any CPU = Release|Any CPU
	EndGlobalSection
	GlobalSection(ProjectConfigurationPlatforms) = postSolution
		{E3A77305-36BF-4654-99E6-DE84CB42D961}.Debug|Any CPU.ActiveCfg = Debug|Any CPU
		{E3A77305-36BF-4654-99E6-DE84CB42D961}.Debug|Any CPU.Build.0 = Debug|Any CPU
		{E3A77305-36BF-4654-99E6-DE84CB42D961}.Release|Any CPU.ActiveCfg = Release|Any CPU
		{E3A77305-36BF-4654-99E6-DE84CB42D961}.Release|Any CPU.Build.0 = Release|Any CPU
		{C430CF6B-70A2-4B33-AA57-82C2401C48C3}.Debug|Any CPU.ActiveCfg = Debug|Any CPU
		{C430CF6B-70A2-4B33-AA57-82C2401C48C3}.Debug|Any CPU.Build.0 = Debug|Any CPU
		{C430CF6B-70A2-4B33-AA57-82C2401C48C3}.Release|Any CPU.ActiveCfg = Release|Any CPU
		{C430CF6B-70A2-4B33-AA57-82C2401C48C3}.Release|Any CPU.Build.0 = Release|Any CPU
		{B9ECDBFA-C6DA-4D4C-A85F-385F9B6B436A}.Debug|Any CPU.ActiveCfg = Debug|Any CPU
		{B9ECDBFA-C6DA-4D4C-A85F-385F9B6B436A}.Debug|Any CPU.Build.0 = Debug|Any CPU
		{B9ECDBFA-C6DA-4D4C-A85F-385F9B6B436A}.Release|Any CPU.ActiveCfg = Release|Any CPU
		{B9ECDBFA-C6DA-4D4C-A85F-385F9B6B436A}.Release|Any CPU.Build.0 = Release|Any CPU
		{D280203E-8670-496D-B1EF-A026588AEF47}.Debug|Any CPU.ActiveCfg = Debug|Any CPU
		{D280203E-8670-496D-B1EF-A026588AEF47}.Debug|Any CPU.Build.0 = Debug|Any CPU
		{D280203E-8670-496D-B1EF-A026588AEF47}.Release|Any CPU.ActiveCfg = Release|Any CPU
		{D280203E-8670-496D-B1EF-A026588AEF47}.Release|Any CPU.Build.0 = Release|Any CPU
	EndGlobalSection
	GlobalSection(SolutionProperties) = preSolution
		HideSolutionNode = FALSE
	EndGlobalSection
	GlobalSection(ExtensibilityGlobals) = postSolution
		SolutionGuid = {F6757DDB-CB4E-412E-9B14-1BCD579C22B2}
	EndGlobalSection
EndGlobal
